
Microsoft Visual Studio Solution File, Format Version 12.00
# Visual Studio 14
VisualStudioVersion = 14.0.25420.1
MinimumVisualStudioVersion = 10.0.40219.1
Project("{FAE04EC0-301F-11D3-BF4B-00C04F79EFBC}") = "KataBankApplicationCalisthenics", "KataBankApplicationCalisthenics\KataBankApplicationCalisthenics.csproj", "{0627773A-C805-45CA-95C9-2D7D45E988E7}"
EndProject
Project("{FAE04EC0-301F-11D3-BF4B-00C04F79EFBC}") = "KataBankApplicationCalisthenicsTests", "KataBankApplicationCalisthenicsTests\KataBankApplicationCalisthenicsTests.csproj", "{213171B3-F06D-4F0B-99D8-14651A750EE1}"
EndProject
Global
	GlobalSection(SolutionConfigurationPlatforms) = preSolution
		Debug|Any CPU = Debug|Any CPU
		Release|Any CPU = Release|Any CPU
	EndGlobalSection
	GlobalSection(ProjectConfigurationPlatforms) = postSolution
		{0627773A-C805-45CA-95C9-2D7D45E988E7}.Debug|Any CPU.ActiveCfg = Debug|Any CPU
		{0627773A-C805-45CA-95C9-2D7D45E988E7}.Debug|Any CPU.Build.0 = Debug|Any CPU
		{0627773A-C805-45CA-95C9-2D7D45E988E7}.Release|Any CPU.ActiveCfg = Release|Any CPU
		{0627773A-C805-45CA-95C9-2D7D45E988E7}.Release|Any CPU.Build.0 = Release|Any CPU
		{213171B3-F06D-4F0B-99D8-14651A750EE1}.Debug|Any CPU.ActiveCfg = Debug|Any CPU
		{213171B3-F06D-4F0B-99D8-14651A750EE1}.Debug|Any CPU.Build.0 = Debug|Any CPU
		{213171B3-F06D-4F0B-99D8-14651A750EE1}.Release|Any CPU.ActiveCfg = Release|Any CPU
		{213171B3-F06D-4F0B-99D8-14651A750EE1}.Release|Any CPU.Build.0 = Release|Any CPU
	EndGlobalSection
	GlobalSection(SolutionProperties) = preSolution
		HideSolutionNode = FALSE
	EndGlobalSection
EndGlobal
